
Microsoft Visual Studio Solution File, Format Version 12.00
# Visual Studio Version 16
VisualStudioVersion = 16.0.29424.173
MinimumVisualStudioVersion = 10.0.40219.1
Project("{FAE04EC0-301F-11D3-BF4B-00C04F79EFBC}") = "Lab7", "Lab7\Lab7.csproj", "{BA6C65DB-4AF1-46F0-A280-1E6D32527824}"
EndProject
Global
	GlobalSection(SolutionConfigurationPlatforms) = preSolution
		Debug|Any CPU = Debug|Any CPU
		Release|Any CPU = Release|Any CPU
	EndGlobalSection
	GlobalSection(ProjectConfigurationPlatforms) = postSolution
		{BA6C65DB-4AF1-46F0-A280-1E6D32527824}.Debug|Any CPU.ActiveCfg = Debug|Any CPU
		{BA6C65DB-4AF1-46F0-A280-1E6D32527824}.Debug|Any CPU.Build.0 = Debug|Any CPU
		{BA6C65DB-4AF1-46F0-A280-1E6D32527824}.Release|Any CPU.ActiveCfg = Release|Any CPU
		{BA6C65DB-4AF1-46F0-A280-1E6D32527824}.Release|Any CPU.Build.0 = Release|Any CPU
	EndGlobalSection
	GlobalSection(SolutionProperties) = preSolution
		HideSolutionNode = FALSE
	EndGlobalSection
	GlobalSection(ExtensibilityGlobals) = postSolution
		SolutionGuid = {D599EFD1-B20E-410A-916D-3CF621D0165F}
	EndGlobalSection
EndGlobal
