
Microsoft Visual Studio Solution File, Format Version 12.00
# Visual Studio Version 16
VisualStudioVersion = 16.0.29424.173
MinimumVisualStudioVersion = 10.0.40219.1
Project("{FAE04EC0-301F-11D3-BF4B-00C04F79EFBC}") = "Lab6", "Lab6\Lab6.csproj", "{C2623A62-0808-44CA-8199-E7CF5210ADDB}"
EndProject
Global
	GlobalSection(SolutionConfigurationPlatforms) = preSolution
		Debug|Any CPU = Debug|Any CPU
		Release|Any CPU = Release|Any CPU
	EndGlobalSection
	GlobalSection(ProjectConfigurationPlatforms) = postSolution
		{C2623A62-0808-44CA-8199-E7CF5210ADDB}.Debug|Any CPU.ActiveCfg = Debug|Any CPU
		{C2623A62-0808-44CA-8199-E7CF5210ADDB}.Debug|Any CPU.Build.0 = Debug|Any CPU
		{C2623A62-0808-44CA-8199-E7CF5210ADDB}.Release|Any CPU.ActiveCfg = Release|Any CPU
		{C2623A62-0808-44CA-8199-E7CF5210ADDB}.Release|Any CPU.Build.0 = Release|Any CPU
	EndGlobalSection
	GlobalSection(SolutionProperties) = preSolution
		HideSolutionNode = FALSE
	EndGlobalSection
	GlobalSection(ExtensibilityGlobals) = postSolution
		SolutionGuid = {96FE5CA6-D388-4AA7-862A-86CC7402F99F}
	EndGlobalSection
EndGlobal
